
Microsoft Visual Studio Solution File, Format Version 12.00
# Visual Studio Version 17
VisualStudioVersion = 17.12.35506.116
MinimumVisualStudioVersion = 10.0.40219.1
Project("{FAE04EC0-301F-11D3-BF4B-00C04F79EFBC}") = "Data", "Data\Data.csproj", "{78DEA04D-1B73-41BD-97AE-02F0720EC4B7}"
EndProject
Project("{FAE04EC0-301F-11D3-BF4B-00C04F79EFBC}") = "Business", "Business\Business.csproj", "{A40D9F37-8109-44AD-BD2A-E6E8E760B3B3}"
EndProject
Project("{FAE04EC0-301F-11D3-BF4B-00C04F79EFBC}") = "Presentation_App", "Presentation_App\Presentation_App.csproj", "{9885CE41-41D0-4827-82DD-B3BFDF8E3B03}"
EndProject
Global
	GlobalSection(SolutionConfigurationPlatforms) = preSolution
		Debug|Any CPU = Debug|Any CPU
		Release|Any CPU = Release|Any CPU
	EndGlobalSection
	GlobalSection(ProjectConfigurationPlatforms) = postSolution
		{78DEA04D-1B73-41BD-97AE-02F0720EC4B7}.Debug|Any CPU.ActiveCfg = Debug|Any CPU
		{78DEA04D-1B73-41BD-97AE-02F0720EC4B7}.Debug|Any CPU.Build.0 = Debug|Any CPU
		{78DEA04D-1B73-41BD-97AE-02F0720EC4B7}.Release|Any CPU.ActiveCfg = Release|Any CPU
		{78DEA04D-1B73-41BD-97AE-02F0720EC4B7}.Release|Any CPU.Build.0 = Release|Any CPU
		{A40D9F37-8109-44AD-BD2A-E6E8E760B3B3}.Debug|Any CPU.ActiveCfg = Debug|Any CPU
		{A40D9F37-8109-44AD-BD2A-E6E8E760B3B3}.Debug|Any CPU.Build.0 = Debug|Any CPU
		{A40D9F37-8109-44AD-BD2A-E6E8E760B3B3}.Release|Any CPU.ActiveCfg = Release|Any CPU
		{A40D9F37-8109-44AD-BD2A-E6E8E760B3B3}.Release|Any CPU.Build.0 = Release|Any CPU
		{9885CE41-41D0-4827-82DD-B3BFDF8E3B03}.Debug|Any CPU.ActiveCfg = Debug|Any CPU
		{9885CE41-41D0-4827-82DD-B3BFDF8E3B03}.Debug|Any CPU.Build.0 = Debug|Any CPU
		{9885CE41-41D0-4827-82DD-B3BFDF8E3B03}.Release|Any CPU.ActiveCfg = Release|Any CPU
		{9885CE41-41D0-4827-82DD-B3BFDF8E3B03}.Release|Any CPU.Build.0 = Release|Any CPU
	EndGlobalSection
	GlobalSection(SolutionProperties) = preSolution
		HideSolutionNode = FALSE
	EndGlobalSection
EndGlobal
